// !$*UTF8*$!
{
	archiveVersion = 1;
	classes = {
	};
	objectVersion = 46;
	objects = {

/* Begin PBXBuildFile section */
		0868E3AF519F7A716B130104 /* main.cpp in Sources */ = {isa = PBXBuildFile; fileRef = F0F8364D82310A87F89A213B /* main.cpp */; };
		15BCBDDB6D79874830FC3131 /* LaunchScreen.xib in Resources */ = {isa = PBXBuildFile; fileRef = 0AB0912275D874BF3E228163 /* LaunchScreen.xib */; };
		5AA31127965CD990D0614C60 /* moe-main-interfaces.m in Sources */ = {isa = PBXBuildFile; fileRef = 89A84FF0910203AB8C164725 /* moe-main-interfaces.m */; };
		734628217FCEAE3F8FF3B2AC /* android_root in Resources */ = {isa = PBXBuildFile; fileRef = 9C21E19EFDD558E897486601 /* android_root */; };
		99B377064E277CFBD10E6154 /* main.cpp in Sources */ = {isa = PBXBuildFile; fileRef = F0F8364D82310A87F89A213B /* main.cpp */; };
/* End PBXBuildFile section */

/* Begin PBXCopyFilesBuildPhase section */
		14EF4FBE636D1A26D8716588 /* Embed Frameworks */ = {
			isa = PBXCopyFilesBuildPhase;
			buildActionMask = 2147483647;
			dstPath = "";
			dstSubfolderSpec = 10;
			files = (
			);
			name = "Embed Frameworks";
			runOnlyForDeploymentPostprocessing = 0;
		};
		7FF1E8615D3363A4B0FECE8B /* Embed Frameworks */ = {
			isa = PBXCopyFilesBuildPhase;
			buildActionMask = 2147483647;
			dstPath = "";
			dstSubfolderSpec = 10;
			files = (
			);
			name = "Embed Frameworks";
			runOnlyForDeploymentPostprocessing = 0;
		};
/* End PBXCopyFilesBuildPhase section */

/* Begin PBXFileReference section */
		0AB0912275D874BF3E228163 /* LaunchScreen.xib */ = {isa = PBXFileReference; lastKnownFileType = file.xib; name = LaunchScreen.xib; path = ../src/main/resources/LaunchScreen.xib; sourceTree = SOURCE_ROOT; };
		4AC8EABF8A18D9138A652524 /* Info-Test.plist */ = {isa = PBXFileReference; lastKnownFileType = text.plist.xml; name = "Info-Test.plist"; path = "KotlinMuseumMap-Test/Info-Test.plist"; sourceTree = SOURCE_ROOT; };
		7CF0E3727D5E37F053BEB47B /* KotlinMuseumMap.app */ = {isa = PBXFileReference; explicitFileType = wrapper.application; includeInIndex = 0; path = KotlinMuseumMap.app; sourceTree = BUILT_PRODUCTS_DIR; };
		89A84FF0910203AB8C164725 /* moe-main-interfaces.m */ = {isa = PBXFileReference; lastKnownFileType = sourcecode.c.objc; name = "moe-main-interfaces.m"; path = "../build/moe/main/ui-headers/moe-main-interfaces.m"; sourceTree = "<group>"; };
		9510EA1DDAC86308B1351921 /* KotlinMuseumMap-Test.app */ = {isa = PBXFileReference; explicitFileType = wrapper.application; includeInIndex = 0; path = "KotlinMuseumMap-Test.app"; sourceTree = BUILT_PRODUCTS_DIR; };
		9C21E19EFDD558E897486601 /* android_root */ = {isa = PBXFileReference; lastKnownFileType = text; name = android_root; path = ../src/main/resources/android_root; sourceTree = SOURCE_ROOT; };
		EDB0BE28D69407102DA60DA3 /* Info.plist */ = {isa = PBXFileReference; lastKnownFileType = text.plist.xml; name = Info.plist; path = KotlinMuseumMap/Info.plist; sourceTree = SOURCE_ROOT; };
		F0F8364D82310A87F89A213B /* main.cpp */ = {isa = PBXFileReference; lastKnownFileType = sourcecode.cpp.cpp; path = main.cpp; sourceTree = "<group>"; };
/* End PBXFileReference section */

/* Begin PBXFrameworksBuildPhase section */
		7EAEA7DA7F6BC606CBDFAD69 /* Frameworks */ = {
			isa = PBXFrameworksBuildPhase;
			buildActionMask = 2147483647;
			files = (
			);
			runOnlyForDeploymentPostprocessing = 0;
		};
		8EBA19EC590BE2A1562756B6 /* Frameworks */ = {
			isa = PBXFrameworksBuildPhase;
			buildActionMask = 2147483647;
			files = (
			);
			runOnlyForDeploymentPostprocessing = 0;
		};
/* End PBXFrameworksBuildPhase section */

/* Begin PBXGroup section */
		222697A9B7AE40642A657DD3 /* KotlinMuseumMap-Test */ = {
			isa = PBXGroup;
			children = (
				37D2E3806AB376D903EE6962 /* Supporting Files */,
			);
			path = "KotlinMuseumMap-Test";
			sourceTree = "<group>";
		};
		37D2E3806AB376D903EE6962 /* Supporting Files */ = {
			isa = PBXGroup;
			children = (
				4AC8EABF8A18D9138A652524 /* Info-Test.plist */,
			);
			name = "Supporting Files";
			sourceTree = "<group>";
		};
		40B5BC099DC3FD5F6E0544B7 /* Products */ = {
			isa = PBXGroup;
			children = (
				7CF0E3727D5E37F053BEB47B /* KotlinMuseumMap.app */,
				9510EA1DDAC86308B1351921 /* KotlinMuseumMap-Test.app */,
			);
			path = Products;
			sourceTree = "<group>";
		};
		7B7B54E1BFEAB086E40AE3AF /* KotlinMuseumMap */ = {
			isa = PBXGroup;
			children = (
				FE1802F502C9D4D68E6A8006 /* Supporting Files */,
			);
			path = KotlinMuseumMap;
			sourceTree = "<group>";
		};
		8E897040A855FF64F09194DE /* Frameworks */ = {
			isa = PBXGroup;
			children = (
			);
			path = Frameworks;
			sourceTree = "<group>";
		};
		908DA1ACA83D0C8AECAF8B7C = {
			isa = PBXGroup;
			children = (
				7B7B54E1BFEAB086E40AE3AF /* KotlinMuseumMap */,
				222697A9B7AE40642A657DD3 /* KotlinMuseumMap-Test */,
				8E897040A855FF64F09194DE /* Frameworks */,
				40B5BC099DC3FD5F6E0544B7 /* Products */,
				A513A4CA691075C487BD29B2 /* Multi-OS Engine */,
			);
			sourceTree = "<group>";
		};
		A513A4CA691075C487BD29B2 /* Multi-OS Engine */ = {
			isa = PBXGroup;
			children = (
				89A84FF0910203AB8C164725 /* moe-main-interfaces.m */,
			);
			name = "Multi-OS Engine";
			sourceTree = "<group>";
		};
		FE1802F502C9D4D68E6A8006 /* Supporting Files */ = {
			isa = PBXGroup;
			children = (
				F0F8364D82310A87F89A213B /* main.cpp */,
				EDB0BE28D69407102DA60DA3 /* Info.plist */,
				0AB0912275D874BF3E228163 /* LaunchScreen.xib */,
				9C21E19EFDD558E897486601 /* android_root */,
			);
			name = "Supporting Files";
			sourceTree = "<group>";
		};
/* End PBXGroup section */

/* Begin PBXNativeTarget section */
		090206FC06213BC72294D9E7 /* KotlinMuseumMap */ = {
			isa = PBXNativeTarget;
			buildConfigurationList = 12B9B1457A4D8267AD09B762 /* Build configuration list for PBXNativeTarget "KotlinMuseumMap" */;
			buildPhases = (
				B1093FE2367C493F9E66DB51 /* Compile Sources (MOE) */,
				8EBA19EC590BE2A1562756B6 /* Frameworks */,
				2A3A207B6B5DD1EF878807C7 /* Resources */,
				5A1A4D0EF40CAA69A95E7E43 /* Sources */,
				14EF4FBE636D1A26D8716588 /* Embed Frameworks */,
			);
			buildRules = (
			);
			name = KotlinMuseumMap;
			productName = KotlinMuseumMap;
			productReference = 7CF0E3727D5E37F053BEB47B /* KotlinMuseumMap.app */;
			productType = "com.apple.product-type.application";
		};
		5D7A5786300CAB1BA1980366 /* KotlinMuseumMap-Test */ = {
			isa = PBXNativeTarget;
			buildConfigurationList = 4B74130D0971B4158FFBCCE1 /* Build configuration list for PBXNativeTarget "KotlinMuseumMap-Test" */;
			buildPhases = (
				4B38C24875AE62E1C981998C /* Compile Sources (MOE) */,
				7EAEA7DA7F6BC606CBDFAD69 /* Frameworks */,
				4CF28E56A540B2F7ED2BD4AC /* Resources */,
				C5B70017ADC9550D07C08F17 /* Sources */,
				7FF1E8615D3363A4B0FECE8B /* Embed Frameworks */,
			);
			buildRules = (
			);
			name = "KotlinMuseumMap-Test";
			productName = "KotlinMuseumMap-Test";
			productReference = 9510EA1DDAC86308B1351921 /* KotlinMuseumMap-Test.app */;
			productType = "com.apple.product-type.application";
		};
/* End PBXNativeTarget section */

/* Begin PBXProject section */
		C8D9A959A30C6973C2123951 /* Project object */ = {
			isa = PBXProject;
			attributes = {
				ORGANIZATIONNAME = "My Company";
			};
			buildConfigurationList = 2411EC69954245F22C4E28DE /* Build configuration list for PBXProject "KotlinMuseumMap" */;
			compatibilityVersion = "Xcode 3.2";
			developmentRegion = English;
			hasScannedForEncodings = 0;
			knownRegions = (
				en,
				Base,
			);
			mainGroup = 908DA1ACA83D0C8AECAF8B7C;
			productRefGroup = 40B5BC099DC3FD5F6E0544B7 /* Products */;
			projectDirPath = "";
			projectRoot = "";
			targets = (
				090206FC06213BC72294D9E7 /* KotlinMuseumMap */,
				5D7A5786300CAB1BA1980366 /* KotlinMuseumMap-Test */,
			);
		};
/* End PBXProject section */

/* Begin PBXResourcesBuildPhase section */
		2A3A207B6B5DD1EF878807C7 /* Resources */ = {
			isa = PBXResourcesBuildPhase;
			buildActionMask = 2147483647;
			files = (
				15BCBDDB6D79874830FC3131 /* LaunchScreen.xib in Resources */,
				734628217FCEAE3F8FF3B2AC /* android_root in Resources */,
			);
			runOnlyForDeploymentPostprocessing = 0;
		};
		4CF28E56A540B2F7ED2BD4AC /* Resources */ = {
			isa = PBXResourcesBuildPhase;
			buildActionMask = 2147483647;
			files = (
			);
			runOnlyForDeploymentPostprocessing = 0;
		};
/* End PBXResourcesBuildPhase section */

/* Begin PBXShellScriptBuildPhase section */
		4B38C24875AE62E1C981998C /* Compile Sources (MOE) */ = {
			isa = PBXShellScriptBuildPhase;
			buildActionMask = 2147483647;
			files = (
			);
			inputPaths = (
			);
			name = "Compile Sources (MOE)";
			outputPaths = (
			);
			runOnlyForDeploymentPostprocessing = 0;
			shellPath = /bin/bash;
			shellScript = "set -e\n\nexport MOE_BUILD_SOURCE_SET=\"test\"\n\n# Check project directory\nif [ ! -d \"$MOE_PROJECT_DIR\" ]; then\n    echo \"$0:$LINENO:1: error: 'MOE_PROJECT_DIR' doesn't point to a directory!\"; exit 1;\nfi\ncd \"$MOE_PROJECT_DIR\"\n\n# Export JAVA_HOME\nexport JAVA_HOME=$(/usr/libexec/java_home -v 1.8)\n\n# Utility function for finding the Gradle implementation\nfunction findGradle {\n    CD=\"$PWD\"\n    while [ \"$CD\" != \"\" ]; do\n        echo \"Looking for gradlew in $CD\"\n        if [ -x \"$CD/gradlew\" ]; then\n            GRADLE_EXEC=$CD/gradlew\n            return 0\n        fi\n        CD=\"${CD%/*}\"\n    done\n\n    echo \"Checking with 'which'\"\n    GRADLE_EXEC=$(which 'gradle')\n\n    if [ \"$GRADLE_EXEC\" = \"\" ]; then\n        echo \"Failed to locate 'gradle' executable!\"\n        exit 1\n    fi\n}\n\n# Build project with Gradle\nif [ -z \"$MOE_GRADLE_EXTERNAL_BUILD\" ]; then\n    findGradle\n    \"$GRADLE_EXEC\" --no-daemon moeXcodeInternal -s\nfi\n\n# Check output directory\nif [ ! -d \"${MOE_PROJECT_BUILD_DIR}\" ]; then\n    echo \"$0:$LINENO:1: error: 'MOE_PROJECT_BUILD_DIR' doesn't point to a directory!\"; exit 1;\nfi\n\n# Copy some resources\nmkdir -p \"${TARGET_BUILD_DIR}/${UNLOCALIZED_RESOURCES_FOLDER_PATH}\"\ncp \"${MOE_PROJECT_BUILD_DIR}/moe/${MOE_BUILD_SOURCE_SET}/dex/$(echo ${CONFIGURATION} | awk '{print tolower($0)}')/preregister.txt\" \"${TARGET_BUILD_DIR}/${UNLOCALIZED_RESOURCES_FOLDER_PATH}/\"\nif [ \"${MOE_BUILD_SOURCE_SET}\" == \"test\" ]; then\n    cp \"${MOE_PROJECT_BUILD_DIR}/moe/${MOE_BUILD_SOURCE_SET}/dex/$(echo ${CONFIGURATION} | awk '{print tolower($0)}')/classlist.txt\" \"${TARGET_BUILD_DIR}/${UNLOCALIZED_RESOURCES_FOLDER_PATH}/\"\nfi\n\n# Copy jars\ncp \"${MOE_PROJECT_BUILD_DIR}/moe/${MOE_BUILD_SOURCE_SET}/application.jar\" \"${TARGET_BUILD_DIR}/${UNLOCALIZED_RESOURCES_FOLDER_PATH}/\"\ncp \"${MOE_PROJECT_BUILD_DIR}/moe/${MOE_BUILD_SOURCE_SET}/dex/$(echo ${CONFIGURATION} | awk '{print tolower($0)}')/classes.jar\" \"${TARGET_BUILD_DIR}/${UNLOCALIZED_RESOURCES_FOLDER_PATH}/\"\ncp \"${MOE_DEX_PATH}/moe-core-dex-$(echo ${CONFIGURATION} | awk '{print tolower($0)}').jar\" \"${TARGET_BUILD_DIR}/${UNLOCALIZED_RESOURCES_FOLDER_PATH}/moe-core-dex.jar\"\ncp \"${MOE_DEX_PATH}/moe-ios-dex-$(echo ${CONFIGURATION} | awk '{print tolower($0)}').jar\" \"${TARGET_BUILD_DIR}/${UNLOCALIZED_RESOURCES_FOLDER_PATH}/moe-ios-dex.jar\"\nif [ \"${MOE_BUILD_SOURCE_SET}\" == \"test\" ]; then\n    cp \"${MOE_DEX_PATH}/moe-ios-junit-dex-$(echo ${CONFIGURATION} | awk '{print tolower($0)}').jar\" \"${TARGET_BUILD_DIR}/${UNLOCALIZED_RESOURCES_FOLDER_PATH}/moe-ios-junit-dex.jar\"\nfi\n\n# Copy android CA certificates on demand\nif [ \"${MOE_COPY_ANDROID_CACERTS}\" == \"YES\" ]; then\n    rm -rf \"${TARGET_BUILD_DIR}/${UNLOCALIZED_RESOURCES_FOLDER_PATH}/android_root/etc/security/cacerts\"\n    mkdir -p \"${TARGET_BUILD_DIR}/${UNLOCALIZED_RESOURCES_FOLDER_PATH}/android_root/etc/security/cacerts\"\n    unzip \"${MOE_SDK_PATH}/sdk/moe-core-certificates.zip\" -d \"${TARGET_BUILD_DIR}/${UNLOCALIZED_RESOURCES_FOLDER_PATH}/android_root/etc/security/cacerts\"\nfi\n\n# Copy and sign MOE framework\nrsync -av --filter \"- CVS/\" --filter \"- .svn/\" --filter \"- .git/\" --filter \"- .hg/\" --filter \"- Headers\" --filter \"- PrivateHeaders\" --filter \"- Modules\" \\\n    \"${MOE_FRAMEWORK_PATH}/MOE.framework\" \"${TARGET_BUILD_DIR}/${FRAMEWORKS_FOLDER_PATH}/\"\nif [ -n \"${EXPANDED_CODE_SIGN_IDENTITY}\" -a \"${CODE_SIGNING_REQUIRED}\" != \"NO\" -a \"${CODE_SIGNING_ALLOWED}\" != \"NO\" ]; then\n    /usr/bin/codesign --force --sign $EXPANDED_CODE_SIGN_IDENTITY $OTHER_CODE_SIGN_FLAGS \\\n        --preserve-metadata=identifier,entitlements \"${TARGET_BUILD_DIR}/${FRAMEWORKS_FOLDER_PATH}/MOE.framework\"\nfi\n";
		};
		B1093FE2367C493F9E66DB51 /* Compile Sources (MOE) */ = {
			isa = PBXShellScriptBuildPhase;
			buildActionMask = 2147483647;
			files = (
			);
			inputPaths = (
			);
			name = "Compile Sources (MOE)";
			outputPaths = (
			);
			runOnlyForDeploymentPostprocessing = 0;
			shellPath = /bin/bash;
			shellScript = "set -e\n\nexport MOE_BUILD_SOURCE_SET=\"main\"\n\n# Check project directory\nif [ ! -d \"$MOE_PROJECT_DIR\" ]; then\n    echo \"$0:$LINENO:1: error: 'MOE_PROJECT_DIR' doesn't point to a directory!\"; exit 1;\nfi\ncd \"$MOE_PROJECT_DIR\"\n\n# Export JAVA_HOME\nexport JAVA_HOME=$(/usr/libexec/java_home -v 1.8)\n\n# Utility function for finding the Gradle implementation\nfunction findGradle {\n    CD=\"$PWD\"\n    while [ \"$CD\" != \"\" ]; do\n        echo \"Looking for gradlew in $CD\"\n        if [ -x \"$CD/gradlew\" ]; then\n            GRADLE_EXEC=$CD/gradlew\n            return 0\n        fi\n        CD=\"${CD%/*}\"\n    done\n\n    echo \"Checking with 'which'\"\n    GRADLE_EXEC=$(which 'gradle')\n\n    if [ \"$GRADLE_EXEC\" = \"\" ]; then\n        echo \"Failed to locate 'gradle' executable!\"\n        exit 1\n    fi\n}\n\n# Build project with Gradle\nif [ -z \"$MOE_GRADLE_EXTERNAL_BUILD\" ]; then\n    findGradle\n    \"$GRADLE_EXEC\" --no-daemon moeXcodeInternal -s\nfi\n\n# Check output directory\nif [ ! -d \"${MOE_PROJECT_BUILD_DIR}\" ]; then\n    echo \"$0:$LINENO:1: error: 'MOE_PROJECT_BUILD_DIR' doesn't point to a directory!\"; exit 1;\nfi\n\n# Copy some resources\nmkdir -p \"${TARGET_BUILD_DIR}/${UNLOCALIZED_RESOURCES_FOLDER_PATH}\"\ncp \"${MOE_PROJECT_BUILD_DIR}/moe/${MOE_BUILD_SOURCE_SET}/dex/$(echo ${CONFIGURATION} | awk '{print tolower($0)}')/preregister.txt\" \"${TARGET_BUILD_DIR}/${UNLOCALIZED_RESOURCES_FOLDER_PATH}/\"\nif [ \"${MOE_BUILD_SOURCE_SET}\" == \"test\" ]; then\n    cp \"${MOE_PROJECT_BUILD_DIR}/moe/${MOE_BUILD_SOURCE_SET}/dex/$(echo ${CONFIGURATION} | awk '{print tolower($0)}')/classlist.txt\" \"${TARGET_BUILD_DIR}/${UNLOCALIZED_RESOURCES_FOLDER_PATH}/\"\nfi\n\n# Copy jars\ncp \"${MOE_PROJECT_BUILD_DIR}/moe/${MOE_BUILD_SOURCE_SET}/application.jar\" \"${TARGET_BUILD_DIR}/${UNLOCALIZED_RESOURCES_FOLDER_PATH}/\"\ncp \"${MOE_PROJECT_BUILD_DIR}/moe/${MOE_BUILD_SOURCE_SET}/dex/$(echo ${CONFIGURATION} | awk '{print tolower($0)}')/classes.jar\" \"${TARGET_BUILD_DIR}/${UNLOCALIZED_RESOURCES_FOLDER_PATH}/\"\ncp \"${MOE_DEX_PATH}/moe-core-dex-$(echo ${CONFIGURATION} | awk '{print tolower($0)}').jar\" \"${TARGET_BUILD_DIR}/${UNLOCALIZED_RESOURCES_FOLDER_PATH}/moe-core-dex.jar\"\ncp \"${MOE_DEX_PATH}/moe-ios-dex-$(echo ${CONFIGURATION} | awk '{print tolower($0)}').jar\" \"${TARGET_BUILD_DIR}/${UNLOCALIZED_RESOURCES_FOLDER_PATH}/moe-ios-dex.jar\"\nif [ \"${MOE_BUILD_SOURCE_SET}\" == \"test\" ]; then\n    cp \"${MOE_DEX_PATH}/moe-ios-junit-dex-$(echo ${CONFIGURATION} | awk '{print tolower($0)}').jar\" \"${TARGET_BUILD_DIR}/${UNLOCALIZED_RESOURCES_FOLDER_PATH}/moe-ios-junit-dex.jar\"\nfi\n\n# Copy android CA certificates on demand\nif [ \"${MOE_COPY_ANDROID_CACERTS}\" == \"YES\" ]; then\n    rm -rf \"${TARGET_BUILD_DIR}/${UNLOCALIZED_RESOURCES_FOLDER_PATH}/android_root/etc/security/cacerts\"\n    mkdir -p \"${TARGET_BUILD_DIR}/${UNLOCALIZED_RESOURCES_FOLDER_PATH}/android_root/etc/security/cacerts\"\n    unzip \"${MOE_SDK_PATH}/sdk/moe-core-certificates.zip\" -d \"${TARGET_BUILD_DIR}/${UNLOCALIZED_RESOURCES_FOLDER_PATH}/android_root/etc/security/cacerts\"\nfi\n\n# Copy and sign MOE framework\nrsync -av --filter \"- CVS/\" --filter \"- .svn/\" --filter \"- .git/\" --filter \"- .hg/\" --filter \"- Headers\" --filter \"- PrivateHeaders\" --filter \"- Modules\" \\\n    \"${MOE_FRAMEWORK_PATH}/MOE.framework\" \"${TARGET_BUILD_DIR}/${FRAMEWORKS_FOLDER_PATH}/\"\nif [ -n \"${EXPANDED_CODE_SIGN_IDENTITY}\" -a \"${CODE_SIGNING_REQUIRED}\" != \"NO\" -a \"${CODE_SIGNING_ALLOWED}\" != \"NO\" ]; then\n    /usr/bin/codesign --force --sign $EXPANDED_CODE_SIGN_IDENTITY $OTHER_CODE_SIGN_FLAGS \\\n        --preserve-metadata=identifier,entitlements \"${TARGET_BUILD_DIR}/${FRAMEWORKS_FOLDER_PATH}/MOE.framework\"\nfi\n";
		};
/* End PBXShellScriptBuildPhase section */

/* Begin PBXSourcesBuildPhase section */
		5A1A4D0EF40CAA69A95E7E43 /* Sources */ = {
			isa = PBXSourcesBuildPhase;
			buildActionMask = 2147483647;
			files = (
				99B377064E277CFBD10E6154 /* main.cpp in Sources */,
				5AA31127965CD990D0614C60 /* moe-main-interfaces.m in Sources */,
			);
			runOnlyForDeploymentPostprocessing = 0;
		};
		C5B70017ADC9550D07C08F17 /* Sources */ = {
			isa = PBXSourcesBuildPhase;
			buildActionMask = 2147483647;
			files = (
				0868E3AF519F7A716B130104 /* main.cpp in Sources */,
			);
			runOnlyForDeploymentPostprocessing = 0;
		};
/* End PBXSourcesBuildPhase section */

/* Begin XCBuildConfiguration section */
		14F5065B1C89C4E86A9E31C7 /* Release */ = {
			isa = XCBuildConfiguration;
			buildSettings = {
				ASSETCATALOG_COMPILER_APPICON_NAME = AppIcon;
				DEAD_CODE_STRIPPING = YES;
				EMBEDDED_CONTENT_CONTAINS_SWIFT = NO;
				ENABLE_BITCODE = NO;
				EXPORTED_SYMBOLS_FILE = "${MOE_SYMBOLS_FILE}";
				FRAMEWORK_SEARCH_PATHS = (
					"$(inherited)",
					"${MOE_FRAMEWORK_PATH}",
				);
				INFOPLIST_FILE = "KotlinMuseumMap-Test/Info-Test.plist";
				LD_RUNPATH_SEARCH_PATHS = "$(inherited) @executable_path/Frameworks";
				MOE_COPY_ANDROID_CACERTS = NO;
				MOE_DEX_PATH = "${MOE_SDK_PATH}/sdk";
				MOE_FRAMEWORK_PATH = "${MOE_SDK_PATH}/sdk/${PLATFORM_NAME}";
				MOE_NATIVES = "-force_load ${MOE_SDK_PATH}/sdk/moe-core-natives-${CONFIGURATION:lower}/${arch}.a -force_load ${MOE_SDK_PATH}/sdk/moe-ios-natives-${CONFIGURATION:lower}/${arch}.a  -force_load ${MOE_PROJECT_BUILD_DIR}/moe/test/xcode/${CONFIGURATION}${EFFECTIVE_PLATFORM_NAME}/${arch}.a -force_load ${MOE_SDK_PATH}/sdk/moe-ios-junit-natives-${CONFIGURATION:lower}/${arch}.a ";
				MOE_OTHER_LDFLAGS = "${MOE_CUSTOM_OTHER_LDFLAGS} ${MOE_NATIVES} -lstdc++ -framework MOE -undefined dynamic_lookup";
				MOE_PROJECT_BUILD_DIR = "${MOE_PROJECT_DIR}/build";
				MOE_PROJECT_DIR = "${SRCROOT}/..";
				MOE_SDK_PATH = "${MOE_PROJECT_BUILD_DIR}/moe/sdk";
				MOE_SYMBOLS_FILE = "${MOE_PROJECT_BUILD_DIR}/moe/test/xcode/${CONFIGURATION}${EFFECTIVE_PLATFORM_NAME}/${arch}.exp";
				ONLY_ACTIVE_ARCH = NO;
				OTHER_LDFLAGS = "${MOE_OTHER_LDFLAGS}";
				PRODUCT_NAME = "KotlinMuseumMap-Test";
				STRIP_STYLE = "non-global";
			};
			name = Release;
		};
		4B50733C9608CFEDF820280A /* Debug */ = {
			isa = XCBuildConfiguration;
			buildSettings = {
				ASSETCATALOG_COMPILER_APPICON_NAME = AppIcon;
				DEAD_CODE_STRIPPING = YES;
				EMBEDDED_CONTENT_CONTAINS_SWIFT = NO;
				ENABLE_BITCODE = NO;
				EXPORTED_SYMBOLS_FILE = "${MOE_SYMBOLS_FILE}";
				FRAMEWORK_SEARCH_PATHS = (
					"$(inherited)",
					"${MOE_FRAMEWORK_PATH}",
				);
				INFOPLIST_FILE = "KotlinMuseumMap-Test/Info-Test.plist";
				LD_RUNPATH_SEARCH_PATHS = "$(inherited) @executable_path/Frameworks";
				MOE_COPY_ANDROID_CACERTS = NO;
				MOE_DEX_PATH = "${MOE_SDK_PATH}/sdk";
				MOE_FRAMEWORK_PATH = "${MOE_SDK_PATH}/sdk/${PLATFORM_NAME}";
				MOE_NATIVES = "-force_load ${MOE_SDK_PATH}/sdk/moe-core-natives-${CONFIGURATION:lower}/${arch}.a -force_load ${MOE_SDK_PATH}/sdk/moe-ios-natives-${CONFIGURATION:lower}/${arch}.a  -force_load ${MOE_PROJECT_BUILD_DIR}/moe/test/xcode/${CONFIGURATION}${EFFECTIVE_PLATFORM_NAME}/${arch}.a -force_load ${MOE_SDK_PATH}/sdk/moe-ios-junit-natives-${CONFIGURATION:lower}/${arch}.a ";
				MOE_OTHER_LDFLAGS = "${MOE_CUSTOM_OTHER_LDFLAGS} ${MOE_NATIVES} -lstdc++ -framework MOE -undefined dynamic_lookup";
				MOE_PROJECT_BUILD_DIR = "${MOE_PROJECT_DIR}/build";
				MOE_PROJECT_DIR = "${SRCROOT}/..";
				MOE_SDK_PATH = "${MOE_PROJECT_BUILD_DIR}/moe/sdk";
				MOE_SYMBOLS_FILE = "${MOE_PROJECT_BUILD_DIR}/moe/test/xcode/${CONFIGURATION}${EFFECTIVE_PLATFORM_NAME}/${arch}.exp";
				ONLY_ACTIVE_ARCH = YES;
				OTHER_LDFLAGS = "${MOE_OTHER_LDFLAGS}";
				PRODUCT_NAME = "KotlinMuseumMap-Test";
				STRIP_STYLE = "non-global";
			};
			name = Debug;
		};
		60AA3A89EDC223D8ECC14AB7 /* Debug */ = {
			isa = XCBuildConfiguration;
			buildSettings = {
				ALWAYS_SEARCH_USER_PATHS = NO;
				CLANG_CXX_LANGUAGE_STANDARD = "gnu++0x";
				CLANG_CXX_LIBRARY = "libc++";
				CLANG_ENABLE_MODULES = YES;
				CLANG_ENABLE_OBJC_ARC = YES;
				CLANG_WARN_BOOL_CONVERSION = YES;
				CLANG_WARN_CONSTANT_CONVERSION = YES;
				CLANG_WARN_DIRECT_OBJC_ISA_USAGE = YES_ERROR;
				CLANG_WARN_EMPTY_BODY = YES;
				CLANG_WARN_ENUM_CONVERSION = YES;
				CLANG_WARN_INT_CONVERSION = YES;
				CLANG_WARN_OBJC_ROOT_CLASS = YES_ERROR;
				CLANG_WARN_UNREACHABLE_CODE = YES;
				CLANG_WARN__DUPLICATE_METHOD_MATCH = YES;
				"CODE_SIGN_IDENTITY[sdk=iphoneos*]" = "iPhone Developer";
				COPY_PHASE_STRIP = NO;
				ENABLE_STRICT_OBJC_MSGSEND = YES;
				FRAMEWORK_SEARCH_PATHS = (
					"$(inherited)",
					"${MOE_FRAMEWORK_PATH}",
				);
				GCC_C_LANGUAGE_STANDARD = gnu99;
				GCC_DYNAMIC_NO_PIC = NO;
				GCC_OPTIMIZATION_LEVEL = 0;
				GCC_PREPROCESSOR_DEFINITIONS = (
					"DEBUG=1",
					"$(inherited)",
				);
				GCC_SYMBOLS_PRIVATE_EXTERN = NO;
				GCC_WARN_64_TO_32_BIT_CONVERSION = YES;
				GCC_WARN_ABOUT_RETURN_TYPE = YES_ERROR;
				GCC_WARN_UNDECLARED_SELECTOR = YES;
				GCC_WARN_UNINITIALIZED_AUTOS = YES_AGGRESSIVE;
				GCC_WARN_UNUSED_FUNCTION = YES;
				GCC_WARN_UNUSED_VARIABLE = YES;
				IPHONEOS_DEPLOYMENT_TARGET = 9.0;
				LD_RUNPATH_SEARCH_PATHS = "$(inherited) @executable_path/Frameworks";
				MOE_VERSION = 2.0.0;
				MTL_ENABLE_DEBUG_INFO = YES;
				SDKROOT = iphoneos;
				SYMROOT = "$(SRCROOT)/../build/moe/xcodebuild/sym";
				TARGETED_DEVICE_FAMILY = "1,2";
			};
			name = Debug;
		};
		719F3160525940A9FDCEE7CB /* Release */ = {
			isa = XCBuildConfiguration;
			buildSettings = {
				ALWAYS_SEARCH_USER_PATHS = NO;
				CLANG_CXX_LANGUAGE_STANDARD = "gnu++0x";
				CLANG_CXX_LIBRARY = "libc++";
				CLANG_ENABLE_MODULES = YES;
				CLANG_ENABLE_OBJC_ARC = YES;
				CLANG_WARN_BOOL_CONVERSION = YES;
				CLANG_WARN_CONSTANT_CONVERSION = YES;
				CLANG_WARN_DIRECT_OBJC_ISA_USAGE = YES_ERROR;
				CLANG_WARN_EMPTY_BODY = YES;
				CLANG_WARN_ENUM_CONVERSION = YES;
				CLANG_WARN_INT_CONVERSION = YES;
				CLANG_WARN_OBJC_ROOT_CLASS = YES_ERROR;
				CLANG_WARN_UNREACHABLE_CODE = YES;
				CLANG_WARN__DUPLICATE_METHOD_MATCH = YES;
				"CODE_SIGN_IDENTITY[sdk=iphoneos*]" = "iPhone Developer";
				COPY_PHASE_STRIP = YES;
				ENABLE_NS_ASSERTIONS = NO;
				ENABLE_STRICT_OBJC_MSGSEND = YES;
				FRAMEWORK_SEARCH_PATHS = (
					"$(inherited)",
					"${MOE_FRAMEWORK_PATH}",
				);
				GCC_C_LANGUAGE_STANDARD = gnu99;
				GCC_WARN_64_TO_32_BIT_CONVERSION = YES;
				GCC_WARN_ABOUT_RETURN_TYPE = YES_ERROR;
				GCC_WARN_UNDECLARED_SELECTOR = YES;
				GCC_WARN_UNINITIALIZED_AUTOS = YES_AGGRESSIVE;
				GCC_WARN_UNUSED_FUNCTION = YES;
				GCC_WARN_UNUSED_VARIABLE = YES;
				IPHONEOS_DEPLOYMENT_TARGET = 9.0;
				LD_RUNPATH_SEARCH_PATHS = "$(inherited) @executable_path/Frameworks";
				MOE_VERSION = 2.0.0;
				MTL_ENABLE_DEBUG_INFO = NO;
				SDKROOT = iphoneos;
				SYMROOT = "$(SRCROOT)/../build/moe/xcodebuild/sym";
				TARGETED_DEVICE_FAMILY = "1,2";
				VALIDATE_PRODUCT = YES;
			};
			name = Release;
		};
		886DBB6AF4242266F69C940C /* Release */ = {
			isa = XCBuildConfiguration;
			buildSettings = {
				ASSETCATALOG_COMPILER_APPICON_NAME = AppIcon;
				DEAD_CODE_STRIPPING = YES;
				EMBEDDED_CONTENT_CONTAINS_SWIFT = NO;
				ENABLE_BITCODE = NO;
				EXPORTED_SYMBOLS_FILE = "${MOE_SYMBOLS_FILE}";
				FRAMEWORK_SEARCH_PATHS = (
					"$(inherited)",
					"${MOE_FRAMEWORK_PATH}",
				);
				INFOPLIST_FILE = KotlinMuseumMap/Info.plist;
				LD_RUNPATH_SEARCH_PATHS = "$(inherited) @executable_path/Frameworks";
				MOE_COPY_ANDROID_CACERTS = NO;
				MOE_DEX_PATH = "${MOE_SDK_PATH}/sdk";
				MOE_FRAMEWORK_PATH = "${MOE_SDK_PATH}/sdk/${PLATFORM_NAME}";
				MOE_NATIVES = "-force_load ${MOE_SDK_PATH}/sdk/moe-core-natives-${CONFIGURATION:lower}/${arch}.a -force_load ${MOE_SDK_PATH}/sdk/moe-ios-natives-${CONFIGURATION:lower}/${arch}.a -force_load ${MOE_PROJECT_BUILD_DIR}/moe/main/xcode/${CONFIGURATION}${EFFECTIVE_PLATFORM_NAME}/${arch}.a";
				MOE_OTHER_LDFLAGS = "${MOE_CUSTOM_OTHER_LDFLAGS} ${MOE_NATIVES} -lstdc++ -framework MOE -undefined dynamic_lookup";
				MOE_PROJECT_BUILD_DIR = "${MOE_PROJECT_DIR}/build";
				MOE_PROJECT_DIR = "${SRCROOT}/..";
				MOE_SDK_PATH = "${MOE_PROJECT_BUILD_DIR}/moe/sdk";
				MOE_SYMBOLS_FILE = "${MOE_PROJECT_BUILD_DIR}/moe/main/xcode/${CONFIGURATION}${EFFECTIVE_PLATFORM_NAME}/${arch}.exp";
				ONLY_ACTIVE_ARCH = NO;
				OTHER_LDFLAGS = "${MOE_OTHER_LDFLAGS}";
				PRODUCT_NAME = KotlinMuseumMap;
				STRIP_STYLE = "non-global";
			};
			name = Release;
		};
		C085EEA10BA7A4652EDEB225 /* Debug */ = {
			isa = XCBuildConfiguration;
			buildSettings = {
				ASSETCATALOG_COMPILER_APPICON_NAME = AppIcon;
				DEAD_CODE_STRIPPING = YES;
				EMBEDDED_CONTENT_CONTAINS_SWIFT = NO;
				ENABLE_BITCODE = NO;
				EXPORTED_SYMBOLS_FILE = "${MOE_SYMBOLS_FILE}";
				FRAMEWORK_SEARCH_PATHS = (
					"$(inherited)",
					"${MOE_FRAMEWORK_PATH}",
				);
				INFOPLIST_FILE = KotlinMuseumMap/Info.plist;
				LD_RUNPATH_SEARCH_PATHS = "$(inherited) @executable_path/Frameworks";
				MOE_COPY_ANDROID_CACERTS = NO;
				MOE_DEX_PATH = "${MOE_SDK_PATH}/sdk";
				MOE_FRAMEWORK_PATH = "${MOE_SDK_PATH}/sdk/${PLATFORM_NAME}";
				MOE_NATIVES = "-force_load ${MOE_SDK_PATH}/sdk/moe-core-natives-${CONFIGURATION:lower}/${arch}.a -force_load ${MOE_SDK_PATH}/sdk/moe-ios-natives-${CONFIGURATION:lower}/${arch}.a -force_load ${MOE_PROJECT_BUILD_DIR}/moe/main/xcode/${CONFIGURATION}${EFFECTIVE_PLATFORM_NAME}/${arch}.a";
				MOE_OTHER_LDFLAGS = "${MOE_CUSTOM_OTHER_LDFLAGS} ${MOE_NATIVES} -lstdc++ -framework MOE -undefined dynamic_lookup";
				MOE_PROJECT_BUILD_DIR = "${MOE_PROJECT_DIR}/build";
				MOE_PROJECT_DIR = "${SRCROOT}/..";
				MOE_SDK_PATH = "${MOE_PROJECT_BUILD_DIR}/moe/sdk";
				MOE_SYMBOLS_FILE = "${MOE_PROJECT_BUILD_DIR}/moe/main/xcode/${CONFIGURATION}${EFFECTIVE_PLATFORM_NAME}/${arch}.exp";
				ONLY_ACTIVE_ARCH = YES;
				OTHER_LDFLAGS = "${MOE_OTHER_LDFLAGS}";
				PRODUCT_NAME = KotlinMuseumMap;
				STRIP_STYLE = "non-global";
			};
			name = Debug;
		};
/* End XCBuildConfiguration section */

/* Begin XCConfigurationList section */
		12B9B1457A4D8267AD09B762 /* Build configuration list for PBXNativeTarget "KotlinMuseumMap" */ = {
			isa = XCConfigurationList;
			buildConfigurations = (
				C085EEA10BA7A4652EDEB225 /* Debug */,
				886DBB6AF4242266F69C940C /* Release */,
			);
			defaultConfigurationIsVisible = 0;
			defaultConfigurationName = Release;
		};
		2411EC69954245F22C4E28DE /* Build configuration list for PBXProject "KotlinMuseumMap" */ = {
			isa = XCConfigurationList;
			buildConfigurations = (
				60AA3A89EDC223D8ECC14AB7 /* Debug */,
				719F3160525940A9FDCEE7CB /* Release */,
			);
			defaultConfigurationIsVisible = 0;
			defaultConfigurationName = Release;
		};
		4B74130D0971B4158FFBCCE1 /* Build configuration list for PBXNativeTarget "KotlinMuseumMap-Test" */ = {
			isa = XCConfigurationList;
			buildConfigurations = (
				4B50733C9608CFEDF820280A /* Debug */,
				14F5065B1C89C4E86A9E31C7 /* Release */,
			);
			defaultConfigurationIsVisible = 0;
			defaultConfigurationName = Release;
		};
/* End XCConfigurationList section */
	};
	rootObject = C8D9A959A30C6973C2123951 /* Project object */;
}
